
Microsoft Visual Studio Solution File, Format Version 12.00
# Visual Studio Version 17
VisualStudioVersion = 17.0.32112.339
MinimumVisualStudioVersion = 10.0.40219.1
Project("{9A19103F-16F7-4668-BE54-9A1E7A4F7556}") = "Lazy.Captcha.Core", "Lazy.Captcha.Core\Lazy.Captcha.Core.csproj", "{B640C86B-87E3-4CBE-94A9-2CA3AC704A08}"
EndProject
Project("{9A19103F-16F7-4668-BE54-9A1E7A4F7556}") = "Lazy.Captcha.Web", "Lazy.Captcha.Web\Lazy.Captcha.Web.csproj", "{18C83A51-3ECB-44FE-8ED4-62F59967487B}"
EndProject
Project("{9A19103F-16F7-4668-BE54-9A1E7A4F7556}") = "Lazy.Captcha.Redis", "Lazy.Captcha.Redis\Lazy.Captcha.Redis.csproj", "{EC32628E-195E-4277-8026-EFAFA571432A}"
EndProject
Project("{9A19103F-16F7-4668-BE54-9A1E7A4F7556}") = "Lazy.Captcha.xUnit", "Lazy.Captcha.xUnit\Lazy.Captcha.xUnit.csproj", "{4E63EE78-CE03-4D89-BF86-7AF2247082F2}"
EndProject
Global
	GlobalSection(SolutionConfigurationPlatforms) = preSolution
		Debug|Any CPU = Debug|Any CPU
		Release|Any CPU = Release|Any CPU
	EndGlobalSection
	GlobalSection(ProjectConfigurationPlatforms) = postSolution
		{B640C86B-87E3-4CBE-94A9-2CA3AC704A08}.Debug|Any CPU.ActiveCfg = Debug|Any CPU
		{B640C86B-87E3-4CBE-94A9-2CA3AC704A08}.Debug|Any CPU.Build.0 = Debug|Any CPU
		{B640C86B-87E3-4CBE-94A9-2CA3AC704A08}.Release|Any CPU.ActiveCfg = Release|Any CPU
		{B640C86B-87E3-4CBE-94A9-2CA3AC704A08}.Release|Any CPU.Build.0 = Release|Any CPU
		{18C83A51-3ECB-44FE-8ED4-62F59967487B}.Debug|Any CPU.ActiveCfg = Debug|Any CPU
		{18C83A51-3ECB-44FE-8ED4-62F59967487B}.Debug|Any CPU.Build.0 = Debug|Any CPU
		{18C83A51-3ECB-44FE-8ED4-62F59967487B}.Release|Any CPU.ActiveCfg = Release|Any CPU
		{18C83A51-3ECB-44FE-8ED4-62F59967487B}.Release|Any CPU.Build.0 = Release|Any CPU
		{EC32628E-195E-4277-8026-EFAFA571432A}.Debug|Any CPU.ActiveCfg = Debug|Any CPU
		{EC32628E-195E-4277-8026-EFAFA571432A}.Debug|Any CPU.Build.0 = Debug|Any CPU
		{EC32628E-195E-4277-8026-EFAFA571432A}.Release|Any CPU.ActiveCfg = Release|Any CPU
		{EC32628E-195E-4277-8026-EFAFA571432A}.Release|Any CPU.Build.0 = Release|Any CPU
		{4E63EE78-CE03-4D89-BF86-7AF2247082F2}.Debug|Any CPU.ActiveCfg = Debug|Any CPU
		{4E63EE78-CE03-4D89-BF86-7AF2247082F2}.Debug|Any CPU.Build.0 = Debug|Any CPU
		{4E63EE78-CE03-4D89-BF86-7AF2247082F2}.Release|Any CPU.ActiveCfg = Release|Any CPU
		{4E63EE78-CE03-4D89-BF86-7AF2247082F2}.Release|Any CPU.Build.0 = Release|Any CPU
	EndGlobalSection
	GlobalSection(SolutionProperties) = preSolution
		HideSolutionNode = FALSE
	EndGlobalSection
	GlobalSection(ExtensibilityGlobals) = postSolution
		SolutionGuid = {E4457E8D-D3CA-4EA5-88B3-52CB2405BA1E}
	EndGlobalSection
EndGlobal
