
Microsoft Visual Studio Solution File, Format Version 12.00
# Visual Studio Version 17
VisualStudioVersion = 17.0.32112.339
MinimumVisualStudioVersion = 10.0.40219.1
Project("{9A19103F-16F7-4668-BE54-9A1E7A4F7556}") = "Lazy.Captcha.Core", "Lazy.Captcha.Core\Lazy.Captcha.Core.csproj", "{B640C86B-87E3-4CBE-94A9-2CA3AC704A08}"
EndProject
Project("{9A19103F-16F7-4668-BE54-9A1E7A4F7556}") = "Lazy.Captcha.xUnit", "Lazy.Captcha.xUnit\Lazy.Captcha.xUnit.csproj", "{4E63EE78-CE03-4D89-BF86-7AF2247082F2}"
EndProject
Project("{2150E333-8FDC-42A3-9474-1A3956D46DE8}") = "Samples", "Samples", "{5FB114D8-1F49-4BAC-87FF-0E26494C6B6C}"
EndProject
Project("{FAE04EC0-301F-11D3-BF4B-00C04F79EFBC}") = "Sample.Winfrom", "Sample.Winfrom\Sample.Winfrom.csproj", "{88D16FE4-B614-46F6-BD0A-DAEEB2FCC88C}"
EndProject
Project("{9A19103F-16F7-4668-BE54-9A1E7A4F7556}") = "Sample.NetCore", "Sample.NetCore\Sample.NetCore.csproj", "{94C05019-52D1-4064-9807-10D465C3B5A3}"
EndProject
Project("{FAE04EC0-301F-11D3-BF4B-00C04F79EFBC}") = "Sample.MvcFramework", "Sample.MvcFramework\Sample.MvcFramework.csproj", "{F172A3CE-0295-40FC-B739-694EFE9A41C8}"
EndProject
Global
	GlobalSection(SolutionConfigurationPlatforms) = preSolution
		Debug|Any CPU = Debug|Any CPU
		Release|Any CPU = Release|Any CPU
	EndGlobalSection
	GlobalSection(ProjectConfigurationPlatforms) = postSolution
		{B640C86B-87E3-4CBE-94A9-2CA3AC704A08}.Debug|Any CPU.ActiveCfg = Debug|Any CPU
		{B640C86B-87E3-4CBE-94A9-2CA3AC704A08}.Debug|Any CPU.Build.0 = Debug|Any CPU
		{B640C86B-87E3-4CBE-94A9-2CA3AC704A08}.Release|Any CPU.ActiveCfg = Release|Any CPU
		{B640C86B-87E3-4CBE-94A9-2CA3AC704A08}.Release|Any CPU.Build.0 = Release|Any CPU
		{4E63EE78-CE03-4D89-BF86-7AF2247082F2}.Debug|Any CPU.ActiveCfg = Debug|Any CPU
		{4E63EE78-CE03-4D89-BF86-7AF2247082F2}.Debug|Any CPU.Build.0 = Debug|Any CPU
		{4E63EE78-CE03-4D89-BF86-7AF2247082F2}.Release|Any CPU.ActiveCfg = Release|Any CPU
		{4E63EE78-CE03-4D89-BF86-7AF2247082F2}.Release|Any CPU.Build.0 = Release|Any CPU
		{88D16FE4-B614-46F6-BD0A-DAEEB2FCC88C}.Debug|Any CPU.ActiveCfg = Debug|Any CPU
		{88D16FE4-B614-46F6-BD0A-DAEEB2FCC88C}.Debug|Any CPU.Build.0 = Debug|Any CPU
		{88D16FE4-B614-46F6-BD0A-DAEEB2FCC88C}.Release|Any CPU.ActiveCfg = Release|Any CPU
		{88D16FE4-B614-46F6-BD0A-DAEEB2FCC88C}.Release|Any CPU.Build.0 = Release|Any CPU
		{94C05019-52D1-4064-9807-10D465C3B5A3}.Debug|Any CPU.ActiveCfg = Debug|Any CPU
		{94C05019-52D1-4064-9807-10D465C3B5A3}.Debug|Any CPU.Build.0 = Debug|Any CPU
		{94C05019-52D1-4064-9807-10D465C3B5A3}.Release|Any CPU.ActiveCfg = Release|Any CPU
		{94C05019-52D1-4064-9807-10D465C3B5A3}.Release|Any CPU.Build.0 = Release|Any CPU
		{F172A3CE-0295-40FC-B739-694EFE9A41C8}.Debug|Any CPU.ActiveCfg = Debug|Any CPU
		{F172A3CE-0295-40FC-B739-694EFE9A41C8}.Debug|Any CPU.Build.0 = Debug|Any CPU
		{F172A3CE-0295-40FC-B739-694EFE9A41C8}.Release|Any CPU.ActiveCfg = Release|Any CPU
		{F172A3CE-0295-40FC-B739-694EFE9A41C8}.Release|Any CPU.Build.0 = Release|Any CPU
	EndGlobalSection
	GlobalSection(SolutionProperties) = preSolution
		HideSolutionNode = FALSE
	EndGlobalSection
	GlobalSection(NestedProjects) = preSolution
		{88D16FE4-B614-46F6-BD0A-DAEEB2FCC88C} = {5FB114D8-1F49-4BAC-87FF-0E26494C6B6C}
		{94C05019-52D1-4064-9807-10D465C3B5A3} = {5FB114D8-1F49-4BAC-87FF-0E26494C6B6C}
		{F172A3CE-0295-40FC-B739-694EFE9A41C8} = {5FB114D8-1F49-4BAC-87FF-0E26494C6B6C}
	EndGlobalSection
	GlobalSection(ExtensibilityGlobals) = postSolution
		SolutionGuid = {E4457E8D-D3CA-4EA5-88B3-52CB2405BA1E}
	EndGlobalSection
EndGlobal
